
Microsoft Visual Studio Solution File, Format Version 12.00
# Visual Studio 14
VisualStudioVersion = 14.0.25123.0
MinimumVisualStudioVersion = 10.0.40219.1
Project("{FAE04EC0-301F-11D3-BF4B-00C04F79EFBC}") = "SerieDeExercicos2Csharp", "SerieDeExercicos2Csharp\SerieDeExercicos2Csharp.csproj", "{6EC8F770-5A43-4ABC-922B-B14C76C2D4A7}"
EndProject
Project("{FAE04EC0-301F-11D3-BF4B-00C04F79EFBC}") = "SerieDeExercicos2CsharpTests", "SerieDeExercicos2CsharpTests\SerieDeExercicos2CsharpTests.csproj", "{5E1E4874-06BA-421C-A1C5-7485806257EE}"
EndProject
Global
	GlobalSection(SolutionConfigurationPlatforms) = preSolution
		Debug|Any CPU = Debug|Any CPU
		Release|Any CPU = Release|Any CPU
	EndGlobalSection
	GlobalSection(ProjectConfigurationPlatforms) = postSolution
		{6EC8F770-5A43-4ABC-922B-B14C76C2D4A7}.Debug|Any CPU.ActiveCfg = Debug|Any CPU
		{6EC8F770-5A43-4ABC-922B-B14C76C2D4A7}.Debug|Any CPU.Build.0 = Debug|Any CPU
		{6EC8F770-5A43-4ABC-922B-B14C76C2D4A7}.Release|Any CPU.ActiveCfg = Release|Any CPU
		{6EC8F770-5A43-4ABC-922B-B14C76C2D4A7}.Release|Any CPU.Build.0 = Release|Any CPU
		{5E1E4874-06BA-421C-A1C5-7485806257EE}.Debug|Any CPU.ActiveCfg = Debug|Any CPU
		{5E1E4874-06BA-421C-A1C5-7485806257EE}.Debug|Any CPU.Build.0 = Debug|Any CPU
		{5E1E4874-06BA-421C-A1C5-7485806257EE}.Release|Any CPU.ActiveCfg = Release|Any CPU
		{5E1E4874-06BA-421C-A1C5-7485806257EE}.Release|Any CPU.Build.0 = Release|Any CPU
	EndGlobalSection
	GlobalSection(SolutionProperties) = preSolution
		HideSolutionNode = FALSE
	EndGlobalSection
EndGlobal
